Microsoft Visual Studio Solution File, Format Version 12.00
# Visual Studio Version 17
VisualStudioVersion = 17.5.2.0
MinimumVisualStudioVersion = 10.0.40219.1
Project("{FAE04EC0-301F-11D3-BF4B-00C04F79EFBC}") = "GPM_driver", "GPM_driver.csproj", "{C744CC65-DE69-67B3-2CA3-D7C87B614924}"
EndProject
Global
	GlobalSection(SolutionConfigurationPlatforms) = preSolution
		Debug|Any CPU = Debug|Any CPU
		Release|Any CPU = Release|Any CPU
	EndGlobalSection
	GlobalSection(ProjectConfigurationPlatforms) = postSolution
		{C744CC65-DE69-67B3-2CA3-D7C87B614924}.Debug|Any CPU.ActiveCfg = Debug|Any CPU
		{C744CC65-DE69-67B3-2CA3-D7C87B614924}.Debug|Any CPU.Build.0 = Debug|Any CPU
		{C744CC65-DE69-67B3-2CA3-D7C87B614924}.Release|Any CPU.ActiveCfg = Release|Any CPU
		{C744CC65-DE69-67B3-2CA3-D7C87B614924}.Release|Any CPU.Build.0 = Release|Any CPU
	EndGlobalSection
	GlobalSection(SolutionProperties) = preSolution
		HideSolutionNode = FALSE
	EndGlobalSection
	GlobalSection(ExtensibilityGlobals) = postSolution
		SolutionGuid = {0BE46A6E-849A-4B47-8605-9D3E3B1793E0}
	EndGlobalSection
EndGlobal
